// !$*UTF8*$!
{
	archiveVersion = 1;
	classes = {
	};
	objectVersion = 77;
	objects = {

/* Begin PBXBuildFile section */
			0287722DE211E09938FC198F /* ThemeController.swift in Sources */ = {isa = PBXBuildFile; fileRef = B2A4DDCAF699250D5EF6012D /* ThemeController.swift */; };
			2AF7C7AB3D7B7484E90E4BE3 /* Cocoa.framework in Frameworks */ = {isa = PBXBuildFile; fileRef = CFBF5AC0ED953AF3BBB168C1 /* Cocoa.framework */; };
			39282ECC26B57104EA10FA07 /* SolarCalculator.swift in Sources */ = {isa = PBXBuildFile; fileRef = 8E24B77649F24352D1540B80 /* SolarCalculator.swift */; };
			432B7EEC6E4E024BF6E00BF1 /* MenuBarView.swift in Sources */ = {isa = PBXBuildFile; fileRef = 05DF75CBE1DB50C10F66E6AC /* MenuBarView.swift */; };
				5D5FA8F017267C5A5A4E8F91 /* SettingsView.swift in Sources */ = {isa = PBXBuildFile; fileRef = 64CA2B496F1DB06899315924 /* SettingsView.swift */; };
				80E107762F6C668AEB00D896 /* Assets.xcassets in Resources */ = {isa = PBXBuildFile; fileRef = 58CBF4DB865C20A8A7F54B1F /* Assets.xcassets */; };
				A1AD099E16F3B4B7828CC2DA /* HappymodeApp.swift in Sources */ = {isa = PBXBuildFile; fileRef = 4641BF3033696CA87BECCD7A /* HappymodeApp.swift */; };
			E1A1B2C3D4E5F60718293A4B /* SolarPackage.swift in Sources */ = {isa = PBXBuildFile; fileRef = D1A1B2C3D4E5F60718293A4B /* SolarPackage.swift */; };
			F1A2B3C4D5E6F78901234567 /* StatusItemController.swift in Sources */ = {isa = PBXBuildFile; fileRef = A1B2C3D4E5F6A7B8C9D0E1F2 /* StatusItemController.swift */; };
/* End PBXBuildFile section */

/* Begin PBXFileReference section */
		05DF75CBE1DB50C10F66E6AC /* MenuBarView.swift */ = {isa = PBXFileReference; includeInIndex = 1; lastKnownFileType = sourcecode.swift; path = MenuBarView.swift; sourceTree = "<group>"; };
		0AE310D49E3691443537A7C3 /* Info.plist */ = {isa = PBXFileReference; includeInIndex = 1; lastKnownFileType = text.plist.xml; path = Info.plist; sourceTree = "<group>"; };
		0C92B588378E80BF1BB0A49F /* happymode.app */ = {isa = PBXFileReference; explicitFileType = wrapper.application; includeInIndex = 0; path = happymode.app; sourceTree = BUILT_PRODUCTS_DIR; };
		4641BF3033696CA87BECCD7A /* HappymodeApp.swift */ = {isa = PBXFileReference; includeInIndex = 1; lastKnownFileType = sourcecode.swift; path = HappymodeApp.swift; sourceTree = "<group>"; };
			58CBF4DB865C20A8A7F54B1F /* Assets.xcassets */ = {isa = PBXFileReference; includeInIndex = 1; lastKnownFileType = folder.assetcatalog; path = Assets.xcassets; sourceTree = "<group>"; };
			64CA2B496F1DB06899315924 /* SettingsView.swift */ = {isa = PBXFileReference; includeInIndex = 1; lastKnownFileType = sourcecode.swift; path = SettingsView.swift; sourceTree = "<group>"; };
			8E24B77649F24352D1540B80 /* SolarCalculator.swift */ = {isa = PBXFileReference; includeInIndex = 1; lastKnownFileType = sourcecode.swift; path = SolarCalculator.swift; sourceTree = "<group>"; };
			B2A4DDCAF699250D5EF6012D /* ThemeController.swift */ = {isa = PBXFileReference; includeInIndex = 1; lastKnownFileType = sourcecode.swift; path = ThemeController.swift; sourceTree = "<group>"; };
			CFBF5AC0ED953AF3BBB168C1 /* Cocoa.framework */ = {isa = PBXFileReference; lastKnownFileType = wrapper.framework; name = Cocoa.framework; path = Platforms/MacOSX.platform/Developer/SDKs/MacOSX15.0.sdk/System/Library/Frameworks/Cocoa.framework; sourceTree = DEVELOPER_DIR; };
			D1A1B2C3D4E5F60718293A4B /* SolarPackage.swift */ = {isa = PBXFileReference; includeInIndex = 1; lastKnownFileType = sourcecode.swift; path = SolarPackage.swift; sourceTree = "<group>"; };
			A1B2C3D4E5F6A7B8C9D0E1F2 /* StatusItemController.swift */ = {isa = PBXFileReference; includeInIndex = 1; lastKnownFileType = sourcecode.swift; path = StatusItemController.swift; sourceTree = "<group>"; };
/* End PBXFileReference section */

/* Begin PBXFrameworksBuildPhase section */
		A9806E556D9AE522C8CF141F /* Frameworks */ = {
			isa = PBXFrameworksBuildPhase;
			buildActionMask = 2147483647;
				files = (
					2AF7C7AB3D7B7484E90E4BE3 /* Cocoa.framework in Frameworks */,
				);
			runOnlyForDeploymentPostprocessing = 0;
		};
/* End PBXFrameworksBuildPhase section */

/* Begin PBXGroup section */
		0A4494C6D6DD29070D2507F1 /* Frameworks */ = {
			isa = PBXGroup;
			children = (
				CDD7B2004449622C6993A502 /* OS X */,
			);
			name = Frameworks;
			sourceTree = "<group>";
		};
		2E38997761EEBBB1E0E0637C = {
			isa = PBXGroup;
			children = (
				E86F8D70F2AF1D1816B9505F /* Products */,
				0A4494C6D6DD29070D2507F1 /* Frameworks */,
				45B6D0D5BE294E20D7B5994E /* happymode */,
			);
			sourceTree = "<group>";
		};
		45B6D0D5BE294E20D7B5994E /* happymode */ = {
			isa = PBXGroup;
			children = (
				AA11AA11AA11AA11AA11AA01 /* App */,
				AA11AA11AA11AA11AA11AA02 /* Features */,
				AA11AA11AA11AA11AA11AA05 /* Core */,
				AA11AA11AA11AA11AA11AA08 /* Resources */,
				AA11AA11AA11AA11AA11AA09 /* Config */,
			);
			name = happymode;
			path = happymode;
			sourceTree = "<group>";
		};
		AA11AA11AA11AA11AA11AA01 /* App */ = {
			isa = PBXGroup;
			children = (
				4641BF3033696CA87BECCD7A /* HappymodeApp.swift */,
				A1B2C3D4E5F6A7B8C9D0E1F2 /* StatusItemController.swift */,
			);
			path = App;
			sourceTree = "<group>";
		};
		AA11AA11AA11AA11AA11AA02 /* Features */ = {
			isa = PBXGroup;
			children = (
				AA11AA11AA11AA11AA11AA03 /* MenuBar */,
				AA11AA11AA11AA11AA11AA04 /* Settings */,
			);
			path = Features;
			sourceTree = "<group>";
		};
		AA11AA11AA11AA11AA11AA03 /* MenuBar */ = {
			isa = PBXGroup;
			children = (
				05DF75CBE1DB50C10F66E6AC /* MenuBarView.swift */,
			);
			path = MenuBar;
			sourceTree = "<group>";
		};
		AA11AA11AA11AA11AA11AA04 /* Settings */ = {
			isa = PBXGroup;
			children = (
				64CA2B496F1DB06899315924 /* SettingsView.swift */,
			);
			path = Settings;
			sourceTree = "<group>";
		};
		AA11AA11AA11AA11AA11AA05 /* Core */ = {
			isa = PBXGroup;
			children = (
				AA11AA11AA11AA11AA11AA06 /* Theme */,
				AA11AA11AA11AA11AA11AA07 /* Solar */,
			);
			path = Core;
			sourceTree = "<group>";
		};
		AA11AA11AA11AA11AA11AA06 /* Theme */ = {
			isa = PBXGroup;
			children = (
				B2A4DDCAF699250D5EF6012D /* ThemeController.swift */,
			);
			path = Theme;
			sourceTree = "<group>";
		};
		AA11AA11AA11AA11AA11AA07 /* Solar */ = {
			isa = PBXGroup;
			children = (
				8E24B77649F24352D1540B80 /* SolarCalculator.swift */,
				D1A1B2C3D4E5F60718293A4B /* SolarPackage.swift */,
			);
			path = Solar;
			sourceTree = "<group>";
		};
		AA11AA11AA11AA11AA11AA08 /* Resources */ = {
			isa = PBXGroup;
			children = (
				58CBF4DB865C20A8A7F54B1F /* Assets.xcassets */,
			);
			path = Resources;
			sourceTree = "<group>";
		};
		AA11AA11AA11AA11AA11AA09 /* Config */ = {
			isa = PBXGroup;
			children = (
				0AE310D49E3691443537A7C3 /* Info.plist */,
			);
			path = Config;
			sourceTree = "<group>";
		};
		CDD7B2004449622C6993A502 /* OS X */ = {
			isa = PBXGroup;
			children = (
				CFBF5AC0ED953AF3BBB168C1 /* Cocoa.framework */,
			);
			name = "OS X";
			sourceTree = "<group>";
		};
		E86F8D70F2AF1D1816B9505F /* Products */ = {
			isa = PBXGroup;
			children = (
				0C92B588378E80BF1BB0A49F /* happymode.app */,
			);
			name = Products;
			sourceTree = "<group>";
		};
/* End PBXGroup section */

/* Begin PBXNativeTarget section */
		460B57497454E9F60DB73941 /* happymode */ = {
			isa = PBXNativeTarget;
			buildConfigurationList = 33D1566EA59C44095098E59A /* Build configuration list for PBXNativeTarget "happymode" */;
			buildPhases = (
				69700775F0F1DFB8344CFC1B /* Sources */,
				A9806E556D9AE522C8CF141F /* Frameworks */,
				2E9AE55E57B94AAE577404FE /* Resources */,
			);
				buildRules = (
				);
				dependencies = (
				);
				name = happymode;
				packageProductDependencies = (
				);
				productName = happymode;
				productReference = 0C92B588378E80BF1BB0A49F /* happymode.app */;
				productType = "com.apple.product-type.application";
		};
/* End PBXNativeTarget section */

/* Begin PBXProject section */
		591C789A6274195F00C14E52 /* Project object */ = {
			isa = PBXProject;
			attributes = {
				LastSwiftUpdateCheck = 1600;
				LastUpgradeCheck = 1600;
			};
			buildConfigurationList = 1E92532BB38711D232C6EC32 /* Build configuration list for PBXProject "happymode" */;
			compatibilityVersion = "Xcode 16.0";
			developmentRegion = en;
			hasScannedForEncodings = 0;
			knownRegions = (
				en,
				Base,
			);
				mainGroup = 2E38997761EEBBB1E0E0637C;
				minimizedProjectReferenceProxies = 0;
				packageReferences = (
				);
				preferredProjectObjectVersion = 77;
				productRefGroup = E86F8D70F2AF1D1816B9505F /* Products */;
			projectDirPath = "";
			projectRoot = "";
			targets = (
				460B57497454E9F60DB73941 /* happymode */,
			);
		};
/* End PBXProject section */

/* Begin PBXResourcesBuildPhase section */
		2E9AE55E57B94AAE577404FE /* Resources */ = {
			isa = PBXResourcesBuildPhase;
			buildActionMask = 2147483647;
			files = (
				80E107762F6C668AEB00D896 /* Assets.xcassets in Resources */,
			);
			runOnlyForDeploymentPostprocessing = 0;
		};
/* End PBXResourcesBuildPhase section */

/* Begin PBXSourcesBuildPhase section */
		69700775F0F1DFB8344CFC1B /* Sources */ = {
			isa = PBXSourcesBuildPhase;
			buildActionMask = 2147483647;
			files = (
				A1AD099E16F3B4B7828CC2DA /* HappymodeApp.swift in Sources */,
					432B7EEC6E4E024BF6E00BF1 /* MenuBarView.swift in Sources */,
					5D5FA8F017267C5A5A4E8F91 /* SettingsView.swift in Sources */,
					0287722DE211E09938FC198F /* ThemeController.swift in Sources */,
					39282ECC26B57104EA10FA07 /* SolarCalculator.swift in Sources */,
					E1A1B2C3D4E5F60718293A4B /* SolarPackage.swift in Sources */,
					F1A2B3C4D5E6F78901234567 /* StatusItemController.swift in Sources */,
				);
				runOnlyForDeploymentPostprocessing = 0;
			};
	/* End PBXSourcesBuildPhase section */

/* Begin XCBuildConfiguration section */
		1885264D9AA0872B503D46D6 /* Release */ = {
			isa = XCBuildConfiguration;
			buildSettings = {
				ALWAYS_SEARCH_USER_PATHS = NO;
				CLANG_ANALYZER_NONNULL = YES;
				CLANG_ANALYZER_NUMBER_OBJECT_CONVERSION = YES_AGGRESSIVE;
				CLANG_CXX_LANGUAGE_STANDARD = "gnu++14";
				CLANG_CXX_LIBRARY = "libc++";
				CLANG_ENABLE_MODULES = YES;
				CLANG_ENABLE_OBJC_ARC = YES;
				CLANG_ENABLE_OBJC_WEAK = YES;
				CLANG_WARN_BLOCK_CAPTURE_AUTORELEASING = YES;
				CLANG_WARN_BOOL_CONVERSION = YES;
				CLANG_WARN_COMMA = YES;
				CLANG_WARN_CONSTANT_CONVERSION = YES;
				CLANG_WARN_DEPRECATED_OBJC_IMPLEMENTATIONS = YES;
				CLANG_WARN_DIRECT_OBJC_ISA_USAGE = YES_ERROR;
				CLANG_WARN_DOCUMENTATION_COMMENTS = YES;
				CLANG_WARN_EMPTY_BODY = YES;
				CLANG_WARN_ENUM_CONVERSION = YES;
				CLANG_WARN_INFINITE_RECURSION = YES;
				CLANG_WARN_INT_CONVERSION = YES;
				CLANG_WARN_NON_LITERAL_NULL_CONVERSION = YES;
				CLANG_WARN_OBJC_IMPLICIT_RETAIN_SELF = YES;
				CLANG_WARN_OBJC_LITERAL_CONVERSION = YES;
				CLANG_WARN_OBJC_ROOT_CLASS = YES_ERROR;
				CLANG_WARN_QUOTED_INCLUDE_IN_FRAMEWORK_HEADER = YES;
				CLANG_WARN_RANGE_LOOP_ANALYSIS = YES;
				CLANG_WARN_STRICT_PROTOTYPES = YES;
				CLANG_WARN_SUSPICIOUS_MOVE = YES;
				CLANG_WARN_UNGUARDED_AVAILABILITY = YES_AGGRESSIVE;
				CLANG_WARN_UNREACHABLE_CODE = YES;
				CLANG_WARN__DUPLICATE_METHOD_MATCH = YES;
				COPY_PHASE_STRIP = NO;
				DEBUG_INFORMATION_FORMAT = "dwarf-with-dsym";
				ENABLE_NS_ASSERTIONS = NO;
				ENABLE_STRICT_OBJC_MSGSEND = YES;
				GCC_C_LANGUAGE_STANDARD = gnu11;
				GCC_NO_COMMON_BLOCKS = YES;
				GCC_WARN_64_TO_32_BIT_CONVERSION = YES;
				GCC_WARN_ABOUT_RETURN_TYPE = YES_ERROR;
				GCC_WARN_UNDECLARED_SELECTOR = YES;
				GCC_WARN_UNINITIALIZED_AUTOS = YES_AGGRESSIVE;
				GCC_WARN_UNUSED_FUNCTION = YES;
				GCC_WARN_UNUSED_VARIABLE = YES;
				MTL_ENABLE_DEBUG_INFO = NO;
				MTL_FAST_MATH = YES;
				PRODUCT_NAME = "$(TARGET_NAME)";
				SWIFT_COMPILATION_MODE = wholemodule;
				SWIFT_OPTIMIZATION_LEVEL = "-O";
				SWIFT_VERSION = 5.10;
			};
			name = Release;
		};
		31375F38DE54530C2B43C6EF /* Debug */ = {
			isa = XCBuildConfiguration;
			buildSettings = {
				ALWAYS_SEARCH_USER_PATHS = NO;
				CLANG_ANALYZER_NONNULL = YES;
				CLANG_ANALYZER_NUMBER_OBJECT_CONVERSION = YES_AGGRESSIVE;
				CLANG_CXX_LANGUAGE_STANDARD = "gnu++14";
				CLANG_CXX_LIBRARY = "libc++";
				CLANG_ENABLE_MODULES = YES;
				CLANG_ENABLE_OBJC_ARC = YES;
				CLANG_ENABLE_OBJC_WEAK = YES;
				CLANG_WARN_BLOCK_CAPTURE_AUTORELEASING = YES;
				CLANG_WARN_BOOL_CONVERSION = YES;
				CLANG_WARN_COMMA = YES;
				CLANG_WARN_CONSTANT_CONVERSION = YES;
				CLANG_WARN_DEPRECATED_OBJC_IMPLEMENTATIONS = YES;
				CLANG_WARN_DIRECT_OBJC_ISA_USAGE = YES_ERROR;
				CLANG_WARN_DOCUMENTATION_COMMENTS = YES;
				CLANG_WARN_EMPTY_BODY = YES;
				CLANG_WARN_ENUM_CONVERSION = YES;
				CLANG_WARN_INFINITE_RECURSION = YES;
				CLANG_WARN_INT_CONVERSION = YES;
				CLANG_WARN_NON_LITERAL_NULL_CONVERSION = YES;
				CLANG_WARN_OBJC_IMPLICIT_RETAIN_SELF = YES;
				CLANG_WARN_OBJC_LITERAL_CONVERSION = YES;
				CLANG_WARN_OBJC_ROOT_CLASS = YES_ERROR;
				CLANG_WARN_QUOTED_INCLUDE_IN_FRAMEWORK_HEADER = YES;
				CLANG_WARN_RANGE_LOOP_ANALYSIS = YES;
				CLANG_WARN_STRICT_PROTOTYPES = YES;
				CLANG_WARN_SUSPICIOUS_MOVE = YES;
				CLANG_WARN_UNGUARDED_AVAILABILITY = YES_AGGRESSIVE;
				CLANG_WARN_UNREACHABLE_CODE = YES;
				CLANG_WARN__DUPLICATE_METHOD_MATCH = YES;
				COPY_PHASE_STRIP = NO;
				DEBUG_INFORMATION_FORMAT = dwarf;
				ENABLE_STRICT_OBJC_MSGSEND = YES;
				ENABLE_TESTABILITY = YES;
				GCC_C_LANGUAGE_STANDARD = gnu11;
				GCC_DYNAMIC_NO_PIC = NO;
				GCC_NO_COMMON_BLOCKS = YES;
				GCC_OPTIMIZATION_LEVEL = 0;
				GCC_PREPROCESSOR_DEFINITIONS = (
					"DEBUG=1",
					"$(inherited)",
				);
				GCC_WARN_64_TO_32_BIT_CONVERSION = YES;
				GCC_WARN_ABOUT_RETURN_TYPE = YES_ERROR;
				GCC_WARN_UNDECLARED_SELECTOR = YES;
				GCC_WARN_UNINITIALIZED_AUTOS = YES_AGGRESSIVE;
				GCC_WARN_UNUSED_FUNCTION = YES;
				GCC_WARN_UNUSED_VARIABLE = YES;
				MTL_ENABLE_DEBUG_INFO = INCLUDE_SOURCE;
				MTL_FAST_MATH = YES;
				ONLY_ACTIVE_ARCH = YES;
				PRODUCT_NAME = "$(TARGET_NAME)";
				SWIFT_ACTIVE_COMPILATION_CONDITIONS = DEBUG;
				SWIFT_OPTIMIZATION_LEVEL = "-Onone";
				SWIFT_VERSION = 5.10;
			};
			name = Debug;
		};
		7CB0484A2374E25BD9F88B92 /* Release */ = {
			isa = XCBuildConfiguration;
			buildSettings = {
				ASSETCATALOG_COMPILER_APPICON_NAME = AppIcon;
				ASSETCATALOG_COMPILER_GLOBAL_ACCENT_COLOR_NAME = AccentColor;
				CODE_SIGN_STYLE = Automatic;
				COMBINE_HIDPI_IMAGES = YES;
				GENERATE_INFOPLIST_FILE = NO;
				INFOPLIST_FILE = happymode/Config/Info.plist;
				LD_RUNPATH_SEARCH_PATHS = (
					"$(inherited)",
					"@executable_path/../Frameworks",
				);
				MACOSX_DEPLOYMENT_TARGET = 15.0;
				PRODUCT_BUNDLE_IDENTIFIER = com.atlantic.happymode;
				SDKROOT = macosx;
				SWIFT_VERSION = 5.10;
			};
			name = Release;
		};
		84EC7F4A436D93305B443CCA /* Debug */ = {
			isa = XCBuildConfiguration;
			buildSettings = {
				ASSETCATALOG_COMPILER_APPICON_NAME = AppIcon;
				ASSETCATALOG_COMPILER_GLOBAL_ACCENT_COLOR_NAME = AccentColor;
				CODE_SIGN_STYLE = Automatic;
				COMBINE_HIDPI_IMAGES = YES;
				GENERATE_INFOPLIST_FILE = NO;
				INFOPLIST_FILE = happymode/Config/Info.plist;
				LD_RUNPATH_SEARCH_PATHS = (
					"$(inherited)",
					"@executable_path/../Frameworks",
				);
				MACOSX_DEPLOYMENT_TARGET = 15.0;
				PRODUCT_BUNDLE_IDENTIFIER = com.atlantic.happymode;
				SDKROOT = macosx;
				SWIFT_VERSION = 5.10;
			};
			name = Debug;
		};
/* End XCBuildConfiguration section */

/* Begin XCConfigurationList section */
		1E92532BB38711D232C6EC32 /* Build configuration list for PBXProject "happymode" */ = {
			isa = XCConfigurationList;
			buildConfigurations = (
				31375F38DE54530C2B43C6EF /* Debug */,
				1885264D9AA0872B503D46D6 /* Release */,
			);
			defaultConfigurationIsVisible = 0;
			defaultConfigurationName = Release;
		};
		33D1566EA59C44095098E59A /* Build configuration list for PBXNativeTarget "happymode" */ = {
			isa = XCConfigurationList;
			buildConfigurations = (
				7CB0484A2374E25BD9F88B92 /* Release */,
				84EC7F4A436D93305B443CCA /* Debug */,
			);
			defaultConfigurationIsVisible = 0;
			defaultConfigurationName = Release;
		};
/* End XCConfigurationList section */

		};
	rootObject = 591C789A6274195F00C14E52 /* Project object */;
}
