{
  "originHash" : "6816a8f3d10b47c3cdd9a09169c7843cd4bdca29585a3191db765e6e14354c26",
  "pins" : [
    {
      "identity" : "swiftuicharts",
      "kind" : "remoteSourceControl",
      "location" : "https://github.com/willdale/SwiftUICharts.git",
      "state" : {
        "revision" : "c16f47217d1e32900f6b37c322d419945fadae9c",
        "version" : "2.10.4"
      }
    }
  ],
  "version" : 3
}
